{
  "version": 4,
  "terraform_version": "1.6.4",
  "serial": 4,
  "lineage": "bf607824-72dd-1aaa-1032-de58b905ca0a",
  "outputs": {},
  "resources": [
    {
      "module": "module.app",
      "mode": "managed",
      "type": "scaleway_container_namespace",
      "name": "main",
      "provider": "module.app.provider[\"registry.terraform.io/scaleway/scaleway\"]",
      "instances": [
        {
          "schema_version": 0,
          "attributes": {
            "description": "application de l'équipe rose pour tirer au sort",
            "destroy_registry": false,
            "environment_variables": null,
            "id": "fr-par/f6c18f69-e32c-4530-b4b6-a39a895c1d37",
            "name": "picnicdouille-app",
            "organization_id": "db28676e-35db-4caf-ad4e-91219b4e57de",
            "project_id": "db28676e-35db-4caf-ad4e-91219b4e57de",
            "region": "fr-par",
            "registry_endpoint": "rg.fr-par.scw.cloud/funcscwpicnicdouilleappe5tbjgmc",
            "registry_namespace_id": "5be7bae4-b4f4-4b74-a86a-8072de8719cc",
            "secret_environment_variables": null,
            "timeouts": null
          },
          "sensitive_attributes": [],
          "private": "eyJlMmJmYjczMC1lY2FhLTExZTYtOGY4OC0zNDM2M2JjN2M0YzAiOnsiY3JlYXRlIjozMDAwMDAwMDAwMDAsImRlZmF1bHQiOjMwMDAwMDAwMDAwMCwiZGVsZXRlIjozMDAwMDAwMDAwMDAsInJlYWQiOjMwMDAwMDAwMDAwMCwidXBkYXRlIjozMDAwMDAwMDAwMDB9fQ=="
        }
      ]
    }
  ],
  "check_results": null
}
